
Microsoft Visual Studio Solution File, Format Version 12.00
# Visual Studio Version 16
VisualStudioVersion = 16.0.31702.278
MinimumVisualStudioVersion = 10.0.40219.1
Project("{FAE04EC0-301F-11D3-BF4B-00C04F79EFBC}") = "DeckOfCardsAPI", "DeckOfCardsAPI\DeckOfCardsAPI.csproj", "{A0B959A7-4E85-45FC-8A58-D36F974494DD}"
EndProject
Global
	GlobalSection(SolutionConfigurationPlatforms) = preSolution
		Debug|Any CPU = Debug|Any CPU
		Release|Any CPU = Release|Any CPU
	EndGlobalSection
	GlobalSection(ProjectConfigurationPlatforms) = postSolution
		{A0B959A7-4E85-45FC-8A58-D36F974494DD}.Debug|Any CPU.ActiveCfg = Debug|Any CPU
		{A0B959A7-4E85-45FC-8A58-D36F974494DD}.Debug|Any CPU.Build.0 = Debug|Any CPU
		{A0B959A7-4E85-45FC-8A58-D36F974494DD}.Release|Any CPU.ActiveCfg = Release|Any CPU
		{A0B959A7-4E85-45FC-8A58-D36F974494DD}.Release|Any CPU.Build.0 = Release|Any CPU
	EndGlobalSection
	GlobalSection(SolutionProperties) = preSolution
		HideSolutionNode = FALSE
	EndGlobalSection
	GlobalSection(ExtensibilityGlobals) = postSolution
		SolutionGuid = {259F0AA5-BE21-4E25-9AB1-15225CE818A7}
	EndGlobalSection
EndGlobal
